
Microsoft Visual Studio Solution File, Format Version 9.00
# Visual Studio 2005
Project("{FAE04EC0-301F-11D3-BF4B-00C04F79EFBC}") = "VS_CsharpDemo", "VS_CsharpDemo\VS_CsharpDemo.csproj", "{4A1478D5-032E-4B90-8707-0899F1867C9C}"
EndProject
Global
	GlobalSection(SolutionConfigurationPlatforms) = preSolution
		Debug|Any CPU = Debug|Any CPU
		Release|Any CPU = Release|Any CPU
	EndGlobalSection
	GlobalSection(ProjectConfigurationPlatforms) = postSolution
		{4A1478D5-032E-4B90-8707-0899F1867C9C}.Debug|Any CPU.ActiveCfg = Debug|Any CPU
		{4A1478D5-032E-4B90-8707-0899F1867C9C}.Debug|Any CPU.Build.0 = Debug|Any CPU
		{4A1478D5-032E-4B90-8707-0899F1867C9C}.Release|Any CPU.ActiveCfg = Release|Any CPU
		{4A1478D5-032E-4B90-8707-0899F1867C9C}.Release|Any CPU.Build.0 = Release|Any CPU
	EndGlobalSection
	GlobalSection(SolutionProperties) = preSolution
		HideSolutionNode = FALSE
	EndGlobalSection
EndGlobal
