
Microsoft Visual Studio Solution File, Format Version 9.00
# Visual Studio 2005
Project("{FAE04EC0-301F-11D3-BF4B-00C04F79EFBC}") = "SumApp", "SumApp\SumApp.csproj", "{39C57EC0-BB02-42C1-9F4F-A78F0A86A04F}"
EndProject
Global
	GlobalSection(SolutionConfigurationPlatforms) = preSolution
		Debug|Any CPU = Debug|Any CPU
		Release|Any CPU = Release|Any CPU
	EndGlobalSection
	GlobalSection(ProjectConfigurationPlatforms) = postSolution
		{39C57EC0-BB02-42C1-9F4F-A78F0A86A04F}.Debug|Any CPU.ActiveCfg = Debug|Any CPU
		{39C57EC0-BB02-42C1-9F4F-A78F0A86A04F}.Debug|Any CPU.Build.0 = Debug|Any CPU
		{39C57EC0-BB02-42C1-9F4F-A78F0A86A04F}.Release|Any CPU.ActiveCfg = Release|Any CPU
		{39C57EC0-BB02-42C1-9F4F-A78F0A86A04F}.Release|Any CPU.Build.0 = Release|Any CPU
	EndGlobalSection
	GlobalSection(SolutionProperties) = preSolution
		HideSolutionNode = FALSE
	EndGlobalSection
EndGlobal
